
Microsoft Visual Studio Solution File, Format Version 12.00
# Visual Studio 2013
VisualStudioVersion = 12.0.31101.0
MinimumVisualStudioVersion = 10.0.40219.1
Project("{FAE04EC0-301F-11D3-BF4B-00C04F79EFBC}") = "lopa.ODataBackend", "ODataBackend/lopa.ODataBackend.csproj", "{F080BDC5-99D7-47E4-95F0-744842F8B5F1}"
EndProject
Project("{FAE04EC0-301F-11D3-BF4B-00C04F79EFBC}") = "lopa.Objects", "Objects/lopa.Objects.csproj", "{EB17FEA0-766E-47C0-AF24-CA08F86A0892}"
EndProject
Global
	GlobalSection(SolutionConfigurationPlatforms) = preSolution
Debug|Any CPU = Debug|Any CPU
Release|Any CPU = Release|Any CPU
	EndGlobalSection
	GlobalSection(ProjectConfigurationPlatforms) = postSolution
		{F080BDC5-99D7-47E4-95F0-744842F8B5F1}.Debug|Any CPU.ActiveCfg = Debug|Any CPU
		{F080BDC5-99D7-47E4-95F0-744842F8B5F1}.Debug|Any CPU.Build.0 = Debug|Any CPU
		{F080BDC5-99D7-47E4-95F0-744842F8B5F1}.Release|Any CPU.ActiveCfg = Release|Any CPU
		{F080BDC5-99D7-47E4-95F0-744842F8B5F1}.Release|Any CPU.Build.0 = Release|Any CPU
		{EB17FEA0-766E-47C0-AF24-CA08F86A0892}.Debug|Any CPU.ActiveCfg = Debug|Any CPU
		{EB17FEA0-766E-47C0-AF24-CA08F86A0892}.Debug|Any CPU.Build.0 = Debug|Any CPU
		{EB17FEA0-766E-47C0-AF24-CA08F86A0892}.Release|Any CPU.ActiveCfg = Release|Any CPU
		{EB17FEA0-766E-47C0-AF24-CA08F86A0892}.Release|Any CPU.Build.0 = Release|Any CPU
	EndGlobalSection
	GlobalSection(SolutionProperties) = preSolution
		HideSolutionNode = FALSE
	EndGlobalSection
EndGlobal
